<?xml version="1.0" encoding="utf-8"?>
<Project ToolsVersion="4.0" xmlns="http://schemas.microsoft.com/developer/msbuild/2003">
  <ItemGroup>
    <Filter Include="Source Files">
      <UniqueIdentifier>{4FC737F1-C7A5-4376-A066-2A32D752A2FF}</UniqueIdentifier>
      <Extensions>cpp;c;cc;cxx;c++;cppm;ixx;def;odl;idl;hpj;bat;asm;asmx</Extensions>
    </Filter>
    <Filter Include="Header Files">
      <UniqueIdentifier>{93995380-89BD-4b04-88EB-625FBE52EBFB}</UniqueIdentifier>
      <Extensions>h;hh;hpp;hxx;h++;hm;inl;inc;ipp;xsd</Extensions>
    </Filter>
    <Filter Include="Resource Files">
      <UniqueIdentifier>{67DA6AB6-F800-4c08-8B7A-83BB121AAD01}</UniqueIdentifier>
      <Extensions>rc;ico;cur;bmp;dlg;rc2;rct;bin;rgs;gif;jpg;jpeg;jpe;resx;tiff;tif;png;wav;mfcribbon-ms</Extensions>
    </Filter>
  </ItemGroup>
  <ItemGroup>
    <ClInclude Include="glazy\imdraw\imdraw.h">
      <Filter>Header Files</Filter>
    </ClInclude>
    <ClInclude Include="glazy\imdraw\imdraw_internal.h">
      <Filter>Header Files</Filter>
    </ClInclude>
    <ClInclude Include="glazy\imgeo\imgeo.h">
      <Filter>Header Files</Filter>
    </ClInclude>
    <ClInclude Include="glazy\Camera.h">
      <Filter>Header Files</Filter>
    </ClInclude>
    <ClInclude Include="glazy\imdraw\stb_image.h">
      <Filter>Header Files</Filter>
    </ClInclude>
    <ClInclude Include="glazy\glazy.h">
      <Filter>Header Files</Filter>
    </ClInclude>
    <ClInclude Include="glazy\Stylus.h">
      <Filter>Header Files</Filter>
    </ClInclude>
    <ClInclude Include="glazy\OOGL\SmartGLObject.h">
      <Filter>Header Files</Filter>
    </ClInclude>
    <ClInclude Include="glazy\OOGL\Program.h">
      <Filter>Header Files</Filter>
    </ClInclude>
    <ClInclude Include="glazy\OOGL\Shader.h">
      <Filter>Header Files</Filter>
    </ClInclude>
    <ClInclude Include="glazy\imdraw\imdraw_shader.h">
      <Filter>Header Files</Filter>
    </ClInclude>
    <ClInclude Include="glazy\OOGL\VertexArray.h">
      <Filter>Header Files</Filter>
    </ClInclude>
    <ClInclude Include="glazy\OOGL\ArrayBuffer.h">
      <Filter>Header Files</Filter>
    </ClInclude>
    <ClInclude Include="glazy\OOGL\ElementBuffer.h">
      <Filter>Header Files</Filter>
    </ClInclude>
    <ClInclude Include="glazy\OOGL\Texture.h">
      <Filter>Header Files</Filter>
    </ClInclude>
    <ClInclude Include="glazy\OOGL\State.h">
      <Filter>Header Files</Filter>
    </ClInclude>
    <ClInclude Include="glazy\OOGL\stb_image.h">
      <Filter>Header Files</Filter>
    </ClInclude>
    <ClInclude Include="glazy\OOGL\Framebuffer.h">
      <Filter>Header Files</Filter>
    </ClInclude>
    <ClInclude Include="glazy\widgets\Viewport.h">
      <Filter>Header Files</Filter>
    </ClInclude>
    <ClInclude Include="glazy\imdraw\imdraw_geo.h">
      <Filter>Header Files</Filter>
    </ClInclude>
    <ClInclude Include="glazy\stringutils.h">
      <Filter>Header Files</Filter>
    </ClInclude>
    <ClInclude Include="glazy\pathutils.h">
      <Filter>Header Files</Filter>
    </ClInclude>
    <ClInclude Include="glazy\imageio.h">
      <Filter>Header Files</Filter>
    </ClInclude>
    <ClInclude Include="glazy\ImGuiColorTextEdit.h">
      <Filter>Header Files</Filter>
    </ClInclude>
    <ClInclude Include="glazy\IconsFontAwesome5.h">
      <Filter>Header Files</Filter>
    </ClInclude>
    <ClInclude Include="glazy\glhelpers.h">
      <Filter>Header Files</Filter>
    </ClInclude>
  </ItemGroup>
  <ItemGroup>
    <ClCompile Include="glazy\imdraw\imdraw.cpp">
      <Filter>Source Files</Filter>
    </ClCompile>
    <ClCompile Include="glazy\imdraw\imdraw_internal.cpp">
      <Filter>Source Files</Filter>
    </ClCompile>
    <ClCompile Include="glazy\imgeo\imgeo.cpp">
      <Filter>Source Files</Filter>
    </ClCompile>
    <ClCompile Include="glazy\Camera.cpp">
      <Filter>Source Files</Filter>
    </ClCompile>
    <ClCompile Include="glazy\Stylus.cpp">
      <Filter>Source Files</Filter>
    </ClCompile>
    <ClCompile Include="glazy\OOGL\SmartGLObject.cpp">
      <Filter>Source Files</Filter>
    </ClCompile>
    <ClCompile Include="glazy\OOGL\Program.cpp">
      <Filter>Source Files</Filter>
    </ClCompile>
    <ClCompile Include="glazy\OOGL\Shader.cpp">
      <Filter>Source Files</Filter>
    </ClCompile>
    <ClCompile Include="glazy\OOGL\VertexArray.cpp">
      <Filter>Source Files</Filter>
    </ClCompile>
    <ClCompile Include="glazy\OOGL\ArrayBuffer.cpp">
      <Filter>Source Files</Filter>
    </ClCompile>
    <ClCompile Include="glazy\OOGL\ElementBuffer.cpp">
      <Filter>Source Files</Filter>
    </ClCompile>
    <ClCompile Include="glazy\OOGL\Texture.cpp">
      <Filter>Source Files</Filter>
    </ClCompile>
    <ClCompile Include="glazy\OOGL\Framebuffer.cpp">
      <Filter>Source Files</Filter>
    </ClCompile>
    <ClCompile Include="glazy\widgets\Viewport.cpp">
      <Filter>Source Files</Filter>
    </ClCompile>
    <ClCompile Include="glazy\stringutils.cpp">
      <Filter>Source Files</Filter>
    </ClCompile>
    <ClCompile Include="glazy\pathutils.cpp">
      <Filter>Source Files</Filter>
    </ClCompile>
    <ClCompile Include="glazy\imageio.cpp">
      <Filter>Source Files</Filter>
    </ClCompile>
    <ClCompile Include="glazy\ImGuiColorTextEdit.cpp">
      <Filter>Source Files</Filter>
    </ClCompile>
    <ClCompile Include="glazy\themes.cpp">
      <Filter>Source Files</Filter>
    </ClCompile>
  </ItemGroup>
  <ItemGroup>
    <None Include=".gitignore" />
    <None Include="glazy\shaders\default.vert" />
    <None Include="glazy\shaders\default.frag" />
    <None Include="SETUP.md" />
    <None Include="README.md" />
    <None Include="vcpkg.json" />
  </ItemGroup>
  <ItemGroup>
    <CopyFileToFolders Include="glazy\fa-solid-900.ttf" />
    <CopyFileToFolders Include="glazy\fa-regular-400.ttf" />
  </ItemGroup>
</Project>