
Microsoft Visual Studio Solution File, Format Version 12.00
# Visual Studio Version 17
VisualStudioVersion = 17.0.31903.59
MinimumVisualStudioVersion = 10.0.40219.1
Project("{8BC9CEB8-8B4A-11D0-8D11-00A0C91BC942}") = "glazy", "glazy.vcxproj", "{F6C4BF9A-82E8-45E1-AD3C-1BC9755A3FAC}"
EndProject
Project("{8BC9CEB8-8B4A-11D0-8D11-00A0C91BC942}") = "draw_demo", "demos\draw_demo\draw_demo.vcxproj", "{E286A7AC-30F4-4C5D-9871-08EDCA8D4879}"
EndProject
Project("{8BC9CEB8-8B4A-11D0-8D11-00A0C91BC942}") = "splitexr", "demos\splitexr\splitexr.vcxproj", "{EABF8B16-BE6F-4AF3-A26C-6D621AAEE953}"
EndProject
Project("{8BC9CEB8-8B4A-11D0-8D11-00A0C91BC942}") = "MiniViewer", "demos\MiniViewer\MiniViewer.vcxproj", "{B4060E4E-8A95-4607-8D03-638624A98168}"
EndProject
Project("{8BC9CEB8-8B4A-11D0-8D11-00A0C91BC942}") = "ChannelsTable-Test", "tests\ChannelsTable-Test\ChannelsTable-Test.vcxproj", "{4CF42370-CDA0-45C8-A14E-0B25AF0C6B2C}"
EndProject
Project("{8BC9CEB8-8B4A-11D0-8D11-00A0C91BC942}") = "glazy-tests", "tests\glazy-tests\glazy-tests.vcxproj", "{54CE76EF-C25F-4757-B3E0-35C736BCAC13}"
EndProject
Project("{8BC9CEB8-8B4A-11D0-8D11-00A0C91BC942}") = "profile_sequence_read", "tests\profile_sequence_read\profile_sequence_read.vcxproj", "{55975BCF-6C8A-4A31-A238-6F37BC417C02}"
EndProject
Project("{8BC9CEB8-8B4A-11D0-8D11-00A0C91BC942}") = "profile_sequence_display", "tests\profile_sequence_display\profile_sequence_display.vcxproj", "{B7B08343-81C1-4BD5-8E83-8EAF3A164F15}"
EndProject
Project("{2150E333-8FDC-42A3-9474-1A3956D46DE8}") = "tests", "tests", "{68998693-15A4-473D-9A1A-B4972DEA4833}"
EndProject
Project("{2150E333-8FDC-42A3-9474-1A3956D46DE8}") = "demos", "demos", "{C8F045B5-7F65-4DB3-B244-4F6C8F506CB8}"
EndProject
Project("{8BC9CEB8-8B4A-11D0-8D11-00A0C91BC942}") = "profile_exr_reading_techs", "tests\profile_exr_reading_techs\profile_exr_reading_techs.vcxproj", "{285E0B7D-C3B3-4666-908F-6BA986E5CB38}"
EndProject
Project("{8BC9CEB8-8B4A-11D0-8D11-00A0C91BC942}") = "splitexr-test", "tests\splitexr-test\splitexr-test.vcxproj", "{D36C1E9E-277B-4DE1-9E30-6C9F8F00D035}"
EndProject
Project("{8BC9CEB8-8B4A-11D0-8D11-00A0C91BC942}") = "EXRViewer", "demos\EXRViewer\EXRViewer.vcxproj", "{F4BE66C0-C1A0-4980-B902-FD453B71DEA6}"
EndProject
Project("{8BC9CEB8-8B4A-11D0-8D11-00A0C91BC942}") = "Nodes", "glazy\Nodes\Nodes.vcxproj", "{D6A5BC2C-A577-4CB5-9015-A4CF9AE50FBE}"
EndProject
Global
	GlobalSection(SolutionConfigurationPlatforms) = preSolution
		Debug|x64 = Debug|x64
		Debug|x86 = Debug|x86
		Release|x64 = Release|x64
		Release|x86 = Release|x86
	EndGlobalSection
	GlobalSection(ProjectConfigurationPlatforms) = postSolution
		{F6C4BF9A-82E8-45E1-AD3C-1BC9755A3FAC}.Debug|x64.ActiveCfg = Debug|x64
		{F6C4BF9A-82E8-45E1-AD3C-1BC9755A3FAC}.Debug|x64.Build.0 = Debug|x64
		{F6C4BF9A-82E8-45E1-AD3C-1BC9755A3FAC}.Debug|x86.ActiveCfg = Debug|Win32
		{F6C4BF9A-82E8-45E1-AD3C-1BC9755A3FAC}.Debug|x86.Build.0 = Debug|Win32
		{F6C4BF9A-82E8-45E1-AD3C-1BC9755A3FAC}.Release|x64.ActiveCfg = Release|x64
		{F6C4BF9A-82E8-45E1-AD3C-1BC9755A3FAC}.Release|x64.Build.0 = Release|x64
		{F6C4BF9A-82E8-45E1-AD3C-1BC9755A3FAC}.Release|x86.ActiveCfg = Release|Win32
		{F6C4BF9A-82E8-45E1-AD3C-1BC9755A3FAC}.Release|x86.Build.0 = Release|Win32
		{E286A7AC-30F4-4C5D-9871-08EDCA8D4879}.Debug|x64.ActiveCfg = Debug|x64
		{E286A7AC-30F4-4C5D-9871-08EDCA8D4879}.Debug|x64.Build.0 = Debug|x64
		{E286A7AC-30F4-4C5D-9871-08EDCA8D4879}.Debug|x86.ActiveCfg = Debug|Win32
		{E286A7AC-30F4-4C5D-9871-08EDCA8D4879}.Debug|x86.Build.0 = Debug|Win32
		{E286A7AC-30F4-4C5D-9871-08EDCA8D4879}.Release|x64.ActiveCfg = Release|x64
		{E286A7AC-30F4-4C5D-9871-08EDCA8D4879}.Release|x64.Build.0 = Release|x64
		{E286A7AC-30F4-4C5D-9871-08EDCA8D4879}.Release|x86.ActiveCfg = Release|Win32
		{E286A7AC-30F4-4C5D-9871-08EDCA8D4879}.Release|x86.Build.0 = Release|Win32
		{EABF8B16-BE6F-4AF3-A26C-6D621AAEE953}.Debug|x64.ActiveCfg = Debug|x64
		{EABF8B16-BE6F-4AF3-A26C-6D621AAEE953}.Debug|x64.Build.0 = Debug|x64
		{EABF8B16-BE6F-4AF3-A26C-6D621AAEE953}.Debug|x86.ActiveCfg = Debug|Win32
		{EABF8B16-BE6F-4AF3-A26C-6D621AAEE953}.Debug|x86.Build.0 = Debug|Win32
		{EABF8B16-BE6F-4AF3-A26C-6D621AAEE953}.Release|x64.ActiveCfg = Release|x64
		{EABF8B16-BE6F-4AF3-A26C-6D621AAEE953}.Release|x64.Build.0 = Release|x64
		{EABF8B16-BE6F-4AF3-A26C-6D621AAEE953}.Release|x86.ActiveCfg = Release|Win32
		{EABF8B16-BE6F-4AF3-A26C-6D621AAEE953}.Release|x86.Build.0 = Release|Win32
		{B4060E4E-8A95-4607-8D03-638624A98168}.Debug|x64.ActiveCfg = Debug|x64
		{B4060E4E-8A95-4607-8D03-638624A98168}.Debug|x64.Build.0 = Debug|x64
		{B4060E4E-8A95-4607-8D03-638624A98168}.Debug|x86.ActiveCfg = Debug|Win32
		{B4060E4E-8A95-4607-8D03-638624A98168}.Debug|x86.Build.0 = Debug|Win32
		{B4060E4E-8A95-4607-8D03-638624A98168}.Release|x64.ActiveCfg = Release|x64
		{B4060E4E-8A95-4607-8D03-638624A98168}.Release|x64.Build.0 = Release|x64
		{B4060E4E-8A95-4607-8D03-638624A98168}.Release|x86.ActiveCfg = Release|Win32
		{B4060E4E-8A95-4607-8D03-638624A98168}.Release|x86.Build.0 = Release|Win32
		{4CF42370-CDA0-45C8-A14E-0B25AF0C6B2C}.Debug|x64.ActiveCfg = Debug|x64
		{4CF42370-CDA0-45C8-A14E-0B25AF0C6B2C}.Debug|x64.Build.0 = Debug|x64
		{4CF42370-CDA0-45C8-A14E-0B25AF0C6B2C}.Debug|x86.ActiveCfg = Debug|Win32
		{4CF42370-CDA0-45C8-A14E-0B25AF0C6B2C}.Debug|x86.Build.0 = Debug|Win32
		{4CF42370-CDA0-45C8-A14E-0B25AF0C6B2C}.Release|x64.ActiveCfg = Release|x64
		{4CF42370-CDA0-45C8-A14E-0B25AF0C6B2C}.Release|x64.Build.0 = Release|x64
		{4CF42370-CDA0-45C8-A14E-0B25AF0C6B2C}.Release|x86.ActiveCfg = Release|Win32
		{4CF42370-CDA0-45C8-A14E-0B25AF0C6B2C}.Release|x86.Build.0 = Release|Win32
		{54CE76EF-C25F-4757-B3E0-35C736BCAC13}.Debug|x64.ActiveCfg = Debug|x64
		{54CE76EF-C25F-4757-B3E0-35C736BCAC13}.Debug|x64.Build.0 = Debug|x64
		{54CE76EF-C25F-4757-B3E0-35C736BCAC13}.Debug|x86.ActiveCfg = Debug|Win32
		{54CE76EF-C25F-4757-B3E0-35C736BCAC13}.Debug|x86.Build.0 = Debug|Win32
		{54CE76EF-C25F-4757-B3E0-35C736BCAC13}.Release|x64.ActiveCfg = Release|x64
		{54CE76EF-C25F-4757-B3E0-35C736BCAC13}.Release|x64.Build.0 = Release|x64
		{54CE76EF-C25F-4757-B3E0-35C736BCAC13}.Release|x86.ActiveCfg = Release|Win32
		{54CE76EF-C25F-4757-B3E0-35C736BCAC13}.Release|x86.Build.0 = Release|Win32
		{55975BCF-6C8A-4A31-A238-6F37BC417C02}.Debug|x64.ActiveCfg = Debug|x64
		{55975BCF-6C8A-4A31-A238-6F37BC417C02}.Debug|x64.Build.0 = Debug|x64
		{55975BCF-6C8A-4A31-A238-6F37BC417C02}.Debug|x86.ActiveCfg = Debug|Win32
		{55975BCF-6C8A-4A31-A238-6F37BC417C02}.Debug|x86.Build.0 = Debug|Win32
		{55975BCF-6C8A-4A31-A238-6F37BC417C02}.Release|x64.ActiveCfg = Release|x64
		{55975BCF-6C8A-4A31-A238-6F37BC417C02}.Release|x64.Build.0 = Release|x64
		{55975BCF-6C8A-4A31-A238-6F37BC417C02}.Release|x86.ActiveCfg = Release|Win32
		{55975BCF-6C8A-4A31-A238-6F37BC417C02}.Release|x86.Build.0 = Release|Win32
		{B7B08343-81C1-4BD5-8E83-8EAF3A164F15}.Debug|x64.ActiveCfg = Debug|x64
		{B7B08343-81C1-4BD5-8E83-8EAF3A164F15}.Debug|x64.Build.0 = Debug|x64
		{B7B08343-81C1-4BD5-8E83-8EAF3A164F15}.Debug|x86.ActiveCfg = Debug|Win32
		{B7B08343-81C1-4BD5-8E83-8EAF3A164F15}.Debug|x86.Build.0 = Debug|Win32
		{B7B08343-81C1-4BD5-8E83-8EAF3A164F15}.Release|x64.ActiveCfg = Release|x64
		{B7B08343-81C1-4BD5-8E83-8EAF3A164F15}.Release|x64.Build.0 = Release|x64
		{B7B08343-81C1-4BD5-8E83-8EAF3A164F15}.Release|x86.ActiveCfg = Release|Win32
		{B7B08343-81C1-4BD5-8E83-8EAF3A164F15}.Release|x86.Build.0 = Release|Win32
		{285E0B7D-C3B3-4666-908F-6BA986E5CB38}.Debug|x64.ActiveCfg = Debug|x64
		{285E0B7D-C3B3-4666-908F-6BA986E5CB38}.Debug|x64.Build.0 = Debug|x64
		{285E0B7D-C3B3-4666-908F-6BA986E5CB38}.Debug|x86.ActiveCfg = Debug|Win32
		{285E0B7D-C3B3-4666-908F-6BA986E5CB38}.Debug|x86.Build.0 = Debug|Win32
		{285E0B7D-C3B3-4666-908F-6BA986E5CB38}.Release|x64.ActiveCfg = Release|x64
		{285E0B7D-C3B3-4666-908F-6BA986E5CB38}.Release|x64.Build.0 = Release|x64
		{285E0B7D-C3B3-4666-908F-6BA986E5CB38}.Release|x86.ActiveCfg = Release|Win32
		{285E0B7D-C3B3-4666-908F-6BA986E5CB38}.Release|x86.Build.0 = Release|Win32
		{D36C1E9E-277B-4DE1-9E30-6C9F8F00D035}.Debug|x64.ActiveCfg = Debug|x64
		{D36C1E9E-277B-4DE1-9E30-6C9F8F00D035}.Debug|x64.Build.0 = Debug|x64
		{D36C1E9E-277B-4DE1-9E30-6C9F8F00D035}.Debug|x86.ActiveCfg = Debug|Win32
		{D36C1E9E-277B-4DE1-9E30-6C9F8F00D035}.Debug|x86.Build.0 = Debug|Win32
		{D36C1E9E-277B-4DE1-9E30-6C9F8F00D035}.Release|x64.ActiveCfg = Release|x64
		{D36C1E9E-277B-4DE1-9E30-6C9F8F00D035}.Release|x64.Build.0 = Release|x64
		{D36C1E9E-277B-4DE1-9E30-6C9F8F00D035}.Release|x86.ActiveCfg = Release|Win32
		{D36C1E9E-277B-4DE1-9E30-6C9F8F00D035}.Release|x86.Build.0 = Release|Win32
		{F4BE66C0-C1A0-4980-B902-FD453B71DEA6}.Debug|x64.ActiveCfg = Debug|x64
		{F4BE66C0-C1A0-4980-B902-FD453B71DEA6}.Debug|x64.Build.0 = Debug|x64
		{F4BE66C0-C1A0-4980-B902-FD453B71DEA6}.Debug|x86.ActiveCfg = Debug|Win32
		{F4BE66C0-C1A0-4980-B902-FD453B71DEA6}.Debug|x86.Build.0 = Debug|Win32
		{F4BE66C0-C1A0-4980-B902-FD453B71DEA6}.Release|x64.ActiveCfg = Release|x64
		{F4BE66C0-C1A0-4980-B902-FD453B71DEA6}.Release|x64.Build.0 = Release|x64
		{F4BE66C0-C1A0-4980-B902-FD453B71DEA6}.Release|x86.ActiveCfg = Release|Win32
		{F4BE66C0-C1A0-4980-B902-FD453B71DEA6}.Release|x86.Build.0 = Release|Win32
		{D6A5BC2C-A577-4CB5-9015-A4CF9AE50FBE}.Debug|x64.ActiveCfg = Debug|x64
		{D6A5BC2C-A577-4CB5-9015-A4CF9AE50FBE}.Debug|x64.Build.0 = Debug|x64
		{D6A5BC2C-A577-4CB5-9015-A4CF9AE50FBE}.Debug|x86.ActiveCfg = Debug|Win32
		{D6A5BC2C-A577-4CB5-9015-A4CF9AE50FBE}.Debug|x86.Build.0 = Debug|Win32
		{D6A5BC2C-A577-4CB5-9015-A4CF9AE50FBE}.Release|x64.ActiveCfg = Release|x64
		{D6A5BC2C-A577-4CB5-9015-A4CF9AE50FBE}.Release|x64.Build.0 = Release|x64
		{D6A5BC2C-A577-4CB5-9015-A4CF9AE50FBE}.Release|x86.ActiveCfg = Release|Win32
		{D6A5BC2C-A577-4CB5-9015-A4CF9AE50FBE}.Release|x86.Build.0 = Release|Win32
	EndGlobalSection
	GlobalSection(SolutionProperties) = preSolution
		HideSolutionNode = FALSE
	EndGlobalSection
	GlobalSection(NestedProjects) = preSolution
		{E286A7AC-30F4-4C5D-9871-08EDCA8D4879} = {C8F045B5-7F65-4DB3-B244-4F6C8F506CB8}
		{B4060E4E-8A95-4607-8D03-638624A98168} = {C8F045B5-7F65-4DB3-B244-4F6C8F506CB8}
		{4CF42370-CDA0-45C8-A14E-0B25AF0C6B2C} = {68998693-15A4-473D-9A1A-B4972DEA4833}
		{54CE76EF-C25F-4757-B3E0-35C736BCAC13} = {68998693-15A4-473D-9A1A-B4972DEA4833}
		{55975BCF-6C8A-4A31-A238-6F37BC417C02} = {68998693-15A4-473D-9A1A-B4972DEA4833}
		{B7B08343-81C1-4BD5-8E83-8EAF3A164F15} = {68998693-15A4-473D-9A1A-B4972DEA4833}
		{285E0B7D-C3B3-4666-908F-6BA986E5CB38} = {68998693-15A4-473D-9A1A-B4972DEA4833}
		{D36C1E9E-277B-4DE1-9E30-6C9F8F00D035} = {68998693-15A4-473D-9A1A-B4972DEA4833}
		{F4BE66C0-C1A0-4980-B902-FD453B71DEA6} = {C8F045B5-7F65-4DB3-B244-4F6C8F506CB8}
		{D6A5BC2C-A577-4CB5-9015-A4CF9AE50FBE} = {C8F045B5-7F65-4DB3-B244-4F6C8F506CB8}
	EndGlobalSection
	GlobalSection(ExtensibilityGlobals) = postSolution
		SolutionGuid = {B77C0D29-5CF3-4312-91E1-BE5827609DA9}
	EndGlobalSection
EndGlobal
