
Microsoft Visual Studio Solution File, Format Version 12.00
# Visual Studio Version 17
VisualStudioVersion = 17.0.31903.59
MinimumVisualStudioVersion = 10.0.40219.1
Project("{8BC9CEB8-8B4A-11D0-8D11-00A0C91BC942}") = "glazy", "glazy.vcxproj", "{F6C4BF9A-82E8-45E1-AD3C-1BC9755A3FAC}"
EndProject
Project("{8BC9CEB8-8B4A-11D0-8D11-00A0C91BC942}") = "draw_demo", "demos\draw_demo\draw_demo.vcxproj", "{E286A7AC-30F4-4C5D-9871-08EDCA8D4879}"
EndProject
Project("{8BC9CEB8-8B4A-11D0-8D11-00A0C91BC942}") = "OOGL-test", "tests\OOGL-test\OOGL-test.vcxproj", "{A3B90D0E-476E-47F0-9422-1DC69678FBD3}"
EndProject
Project("{8BC9CEB8-8B4A-11D0-8D11-00A0C91BC942}") = "shadertoy_with_oogl", "demos\draw_woth_oogl\draw_woth_oogl.vcxproj", "{DBDDB6DB-053D-461B-86DD-0E0E1DD18945}"
EndProject
Project("{8BC9CEB8-8B4A-11D0-8D11-00A0C91BC942}") = "read_exr", "demos\read_exr\read_exr.vcxproj", "{EAADF433-03C5-4BE9-A614-3E1E232FFE5D}"
EndProject
Project("{8BC9CEB8-8B4A-11D0-8D11-00A0C91BC942}") = "splitexr", "demos\splitexr\splitexr.vcxproj", "{EABF8B16-BE6F-4AF3-A26C-6D621AAEE953}"
EndProject
Global
	GlobalSection(SolutionConfigurationPlatforms) = preSolution
		Debug|x64 = Debug|x64
		Debug|x86 = Debug|x86
		Release|x64 = Release|x64
		Release|x86 = Release|x86
	EndGlobalSection
	GlobalSection(ProjectConfigurationPlatforms) = postSolution
		{F6C4BF9A-82E8-45E1-AD3C-1BC9755A3FAC}.Debug|x64.ActiveCfg = Debug|x64
		{F6C4BF9A-82E8-45E1-AD3C-1BC9755A3FAC}.Debug|x64.Build.0 = Debug|x64
		{F6C4BF9A-82E8-45E1-AD3C-1BC9755A3FAC}.Debug|x86.ActiveCfg = Debug|Win32
		{F6C4BF9A-82E8-45E1-AD3C-1BC9755A3FAC}.Debug|x86.Build.0 = Debug|Win32
		{F6C4BF9A-82E8-45E1-AD3C-1BC9755A3FAC}.Release|x64.ActiveCfg = Release|x64
		{F6C4BF9A-82E8-45E1-AD3C-1BC9755A3FAC}.Release|x64.Build.0 = Release|x64
		{F6C4BF9A-82E8-45E1-AD3C-1BC9755A3FAC}.Release|x86.ActiveCfg = Release|Win32
		{F6C4BF9A-82E8-45E1-AD3C-1BC9755A3FAC}.Release|x86.Build.0 = Release|Win32
		{E286A7AC-30F4-4C5D-9871-08EDCA8D4879}.Debug|x64.ActiveCfg = Debug|x64
		{E286A7AC-30F4-4C5D-9871-08EDCA8D4879}.Debug|x64.Build.0 = Debug|x64
		{E286A7AC-30F4-4C5D-9871-08EDCA8D4879}.Debug|x86.ActiveCfg = Debug|Win32
		{E286A7AC-30F4-4C5D-9871-08EDCA8D4879}.Debug|x86.Build.0 = Debug|Win32
		{E286A7AC-30F4-4C5D-9871-08EDCA8D4879}.Release|x64.ActiveCfg = Release|x64
		{E286A7AC-30F4-4C5D-9871-08EDCA8D4879}.Release|x64.Build.0 = Release|x64
		{E286A7AC-30F4-4C5D-9871-08EDCA8D4879}.Release|x86.ActiveCfg = Release|Win32
		{E286A7AC-30F4-4C5D-9871-08EDCA8D4879}.Release|x86.Build.0 = Release|Win32
		{A3B90D0E-476E-47F0-9422-1DC69678FBD3}.Debug|x64.ActiveCfg = Debug|x64
		{A3B90D0E-476E-47F0-9422-1DC69678FBD3}.Debug|x64.Build.0 = Debug|x64
		{A3B90D0E-476E-47F0-9422-1DC69678FBD3}.Debug|x86.ActiveCfg = Debug|Win32
		{A3B90D0E-476E-47F0-9422-1DC69678FBD3}.Debug|x86.Build.0 = Debug|Win32
		{A3B90D0E-476E-47F0-9422-1DC69678FBD3}.Release|x64.ActiveCfg = Release|x64
		{A3B90D0E-476E-47F0-9422-1DC69678FBD3}.Release|x64.Build.0 = Release|x64
		{A3B90D0E-476E-47F0-9422-1DC69678FBD3}.Release|x86.ActiveCfg = Release|Win32
		{A3B90D0E-476E-47F0-9422-1DC69678FBD3}.Release|x86.Build.0 = Release|Win32
		{DBDDB6DB-053D-461B-86DD-0E0E1DD18945}.Debug|x64.ActiveCfg = Debug|x64
		{DBDDB6DB-053D-461B-86DD-0E0E1DD18945}.Debug|x64.Build.0 = Debug|x64
		{DBDDB6DB-053D-461B-86DD-0E0E1DD18945}.Debug|x86.ActiveCfg = Debug|Win32
		{DBDDB6DB-053D-461B-86DD-0E0E1DD18945}.Debug|x86.Build.0 = Debug|Win32
		{DBDDB6DB-053D-461B-86DD-0E0E1DD18945}.Release|x64.ActiveCfg = Release|x64
		{DBDDB6DB-053D-461B-86DD-0E0E1DD18945}.Release|x64.Build.0 = Release|x64
		{DBDDB6DB-053D-461B-86DD-0E0E1DD18945}.Release|x86.ActiveCfg = Release|Win32
		{DBDDB6DB-053D-461B-86DD-0E0E1DD18945}.Release|x86.Build.0 = Release|Win32
		{EAADF433-03C5-4BE9-A614-3E1E232FFE5D}.Debug|x64.ActiveCfg = Debug|x64
		{EAADF433-03C5-4BE9-A614-3E1E232FFE5D}.Debug|x64.Build.0 = Debug|x64
		{EAADF433-03C5-4BE9-A614-3E1E232FFE5D}.Debug|x86.ActiveCfg = Debug|Win32
		{EAADF433-03C5-4BE9-A614-3E1E232FFE5D}.Debug|x86.Build.0 = Debug|Win32
		{EAADF433-03C5-4BE9-A614-3E1E232FFE5D}.Release|x64.ActiveCfg = Release|x64
		{EAADF433-03C5-4BE9-A614-3E1E232FFE5D}.Release|x64.Build.0 = Release|x64
		{EAADF433-03C5-4BE9-A614-3E1E232FFE5D}.Release|x86.ActiveCfg = Release|Win32
		{EAADF433-03C5-4BE9-A614-3E1E232FFE5D}.Release|x86.Build.0 = Release|Win32
		{EABF8B16-BE6F-4AF3-A26C-6D621AAEE953}.Debug|x64.ActiveCfg = Debug|x64
		{EABF8B16-BE6F-4AF3-A26C-6D621AAEE953}.Debug|x64.Build.0 = Debug|x64
		{EABF8B16-BE6F-4AF3-A26C-6D621AAEE953}.Debug|x86.ActiveCfg = Debug|Win32
		{EABF8B16-BE6F-4AF3-A26C-6D621AAEE953}.Debug|x86.Build.0 = Debug|Win32
		{EABF8B16-BE6F-4AF3-A26C-6D621AAEE953}.Release|x64.ActiveCfg = Release|x64
		{EABF8B16-BE6F-4AF3-A26C-6D621AAEE953}.Release|x64.Build.0 = Release|x64
		{EABF8B16-BE6F-4AF3-A26C-6D621AAEE953}.Release|x86.ActiveCfg = Release|Win32
		{EABF8B16-BE6F-4AF3-A26C-6D621AAEE953}.Release|x86.Build.0 = Release|Win32
	EndGlobalSection
	GlobalSection(SolutionProperties) = preSolution
		HideSolutionNode = FALSE
	EndGlobalSection
	GlobalSection(ExtensibilityGlobals) = postSolution
		SolutionGuid = {B77C0D29-5CF3-4312-91E1-BE5827609DA9}
	EndGlobalSection
EndGlobal
